
Microsoft Visual Studio Solution File, Format Version 12.00
# Visual Studio Version 17
VisualStudioVersion = 17.14.37314.3 d17.14
MinimumVisualStudioVersion = 10.0.40219.1
Project("{FAE04EC0-301F-11D3-BF4B-00C04F79EFBC}") = "XO_Game", "XO_Game.csproj", "{9BC1D786-F2B3-4280-8084-B3D3B5D7D6D2}"
EndProject
Global
	GlobalSection(SolutionConfigurationPlatforms) = preSolution
		Debug|Any CPU = Debug|Any CPU
		Release|Any CPU = Release|Any CPU
	EndGlobalSection
	GlobalSection(ProjectConfigurationPlatforms) = postSolution
		{9BC1D786-F2B3-4280-8084-B3D3B5D7D6D2}.Debug|Any CPU.ActiveCfg = Debug|Any CPU
		{9BC1D786-F2B3-4280-8084-B3D3B5D7D6D2}.Debug|Any CPU.Build.0 = Debug|Any CPU
		{9BC1D786-F2B3-4280-8084-B3D3B5D7D6D2}.Release|Any CPU.ActiveCfg = Release|Any CPU
		{9BC1D786-F2B3-4280-8084-B3D3B5D7D6D2}.Release|Any CPU.Build.0 = Release|Any CPU
	EndGlobalSection
	GlobalSection(SolutionProperties) = preSolution
		HideSolutionNode = FALSE
	EndGlobalSection
	GlobalSection(ExtensibilityGlobals) = postSolution
		SolutionGuid = {883A9B1C-FAE1-4208-9AD3-C3DDBF5EE9C9}
	EndGlobalSection
EndGlobal
